
Microsoft Visual Studio Solution File, Format Version 12.00
# Visual Studio Version 17
VisualStudioVersion = 17.6.33829.357
MinimumVisualStudioVersion = 10.0.40219.1
Project("{FAE04EC0-301F-11D3-BF4B-00C04F79EFBC}") = "KT", "KT\KT.csproj", "{3A66F7AA-F9B4-44B9-9EBF-17C3B5A44486}"
EndProject
Global
	GlobalSection(SolutionConfigurationPlatforms) = preSolution
		Debug|Any CPU = Debug|Any CPU
		Release|Any CPU = Release|Any CPU
	EndGlobalSection
	GlobalSection(ProjectConfigurationPlatforms) = postSolution
		{3A66F7AA-F9B4-44B9-9EBF-17C3B5A44486}.Debug|Any CPU.ActiveCfg = Debug|Any CPU
		{3A66F7AA-F9B4-44B9-9EBF-17C3B5A44486}.Debug|Any CPU.Build.0 = Debug|Any CPU
		{3A66F7AA-F9B4-44B9-9EBF-17C3B5A44486}.Release|Any CPU.ActiveCfg = Release|Any CPU
		{3A66F7AA-F9B4-44B9-9EBF-17C3B5A44486}.Release|Any CPU.Build.0 = Release|Any CPU
	EndGlobalSection
	GlobalSection(SolutionProperties) = preSolution
		HideSolutionNode = FALSE
	EndGlobalSection
	GlobalSection(ExtensibilityGlobals) = postSolution
		SolutionGuid = {8452E438-16E8-42F4-9BD4-5A12EBB80BEE}
	EndGlobalSection
EndGlobal
